
Microsoft Visual Studio Solution File, Format Version 12.00
# Visual Studio Version 17
VisualStudioVersion = 17.5.33516.290
MinimumVisualStudioVersion = 10.0.40219.1
Project("{FAE04EC0-301F-11D3-BF4B-00C04F79EFBC}") = "лаба №4", "лаба №4.csproj", "{A66A749B-3FE0-41BE-B2F6-EA1D0A9DB015}"
EndProject
Global
	GlobalSection(SolutionConfigurationPlatforms) = preSolution
		Debug|Any CPU = Debug|Any CPU
		Release|Any CPU = Release|Any CPU
	EndGlobalSection
	GlobalSection(ProjectConfigurationPlatforms) = postSolution
		{A66A749B-3FE0-41BE-B2F6-EA1D0A9DB015}.Debug|Any CPU.ActiveCfg = Debug|Any CPU
		{A66A749B-3FE0-41BE-B2F6-EA1D0A9DB015}.Debug|Any CPU.Build.0 = Debug|Any CPU
		{A66A749B-3FE0-41BE-B2F6-EA1D0A9DB015}.Release|Any CPU.ActiveCfg = Release|Any CPU
		{A66A749B-3FE0-41BE-B2F6-EA1D0A9DB015}.Release|Any CPU.Build.0 = Release|Any CPU
	EndGlobalSection
	GlobalSection(SolutionProperties) = preSolution
		HideSolutionNode = FALSE
	EndGlobalSection
	GlobalSection(ExtensibilityGlobals) = postSolution
		SolutionGuid = {ABB6F479-D314-460B-BE62-378DEAF4723F}
	EndGlobalSection
EndGlobal
